[[package]]
name = "pre-commit"
version = "2.11.1"
category = "dev"
optional = false
python-versions = ">=3.6.1"

[metadata.files]
pre-commit = [
    {file = "pre_commit-2.11.1-py2.py3-none-any.whl", hash = "sha256:94c82f1bf5899d56edb1d926732f4e75a7df29a0c8c092559c77420c9d62428b"},
    {file = "pre_commit-2.11.1.tar.gz", hash = "sha256:de55c5c72ce80d79106e48beb1b54104d16495ce7f95b0c7b13d4784193a00af"},
]
